
Microsoft Visual Studio Solution File, Format Version 12.00
# Visual Studio Version 17
VisualStudioVersion = 17.6.33829.357
MinimumVisualStudioVersion = 10.0.40219.1
Project("{FAE04EC0-301F-11D3-BF4B-00C04F79EFBC}") = "DogDoorFinal", "DogDoorFinal.csproj", "{05C841CA-B803-44CE-816C-00D4D308EA61}"
EndProject
Global
	GlobalSection(SolutionConfigurationPlatforms) = preSolution
		Debug|Any CPU = Debug|Any CPU
		Release|Any CPU = Release|Any CPU
	EndGlobalSection
	GlobalSection(ProjectConfigurationPlatforms) = postSolution
		{05C841CA-B803-44CE-816C-00D4D308EA61}.Debug|Any CPU.ActiveCfg = Debug|Any CPU
		{05C841CA-B803-44CE-816C-00D4D308EA61}.Debug|Any CPU.Build.0 = Debug|Any CPU
		{05C841CA-B803-44CE-816C-00D4D308EA61}.Release|Any CPU.ActiveCfg = Release|Any CPU
		{05C841CA-B803-44CE-816C-00D4D308EA61}.Release|Any CPU.Build.0 = Release|Any CPU
	EndGlobalSection
	GlobalSection(SolutionProperties) = preSolution
		HideSolutionNode = FALSE
	EndGlobalSection
	GlobalSection(ExtensibilityGlobals) = postSolution
		SolutionGuid = {3C67E3A5-EFFE-40B6-A7B6-166D3C730D42}
	EndGlobalSection
EndGlobal
